
Microsoft Visual Studio Solution File, Format Version 12.00
# Visual Studio Version 16
VisualStudioVersion = 16.0.32002.261
MinimumVisualStudioVersion = 10.0.40219.1
Project("{2150E333-8FDC-42A3-9474-1A3956D46DE8}") = "src", "src", "{E7127862-0689-40EE-8128-2A331209BD15}"
EndProject
Project("{2150E333-8FDC-42A3-9474-1A3956D46DE8}") = "Building Blocks", "Building Blocks", "{3C8E379A-C662-4472-95F8-47D83458DAFE}"
EndProject
Project("{2150E333-8FDC-42A3-9474-1A3956D46DE8}") = "Services", "Services", "{46835B6C-E96D-41B2-898B-7586201DB225}"
EndProject
Project("{2150E333-8FDC-42A3-9474-1A3956D46DE8}") = "Web", "Web", "{09495E4D-F8D2-40D6-9EA7-AF07934BD62C}"
EndProject
Project("{2150E333-8FDC-42A3-9474-1A3956D46DE8}") = "Identidade", "Identidade", "{DEFB4374-B1FF-4CFD-B9D8-95A4715D6644}"
EndProject
Project("{9A19103F-16F7-4668-BE54-9A1E7A4F7556}") = "NSE.Identidade.API", "src\services\NSE.Identidade.API\NSE.Identidade.API.csproj", "{03D0DCC0-51A7-4F4B-B66E-45E196325BF3}"
EndProject
Project("{2150E333-8FDC-42A3-9474-1A3956D46DE8}") = "MVC", "MVC", "{C0747DC8-685E-4D3D-AFB2-6D78C601F1BE}"
EndProject
Project("{9A19103F-16F7-4668-BE54-9A1E7A4F7556}") = "NSE.WebApp.MVC", "src\web\NSE.WebApp.MVC\NSE.WebApp.MVC.csproj", "{F3404FC9-5595-4890-8389-23084F015388}"
EndProject
Project("{2150E333-8FDC-42A3-9474-1A3956D46DE8}") = "Core", "Core", "{0ED8C054-F1B2-4993-9BA0-DB560CF42EDC}"
EndProject
Project("{9A19103F-16F7-4668-BE54-9A1E7A4F7556}") = "NSE.Core", "src\building blocks\NSE.Core\NSE.Core.csproj", "{67A4915E-4CB6-466C-BA39-5FCB3FB6A787}"
EndProject
Project("{2150E333-8FDC-42A3-9474-1A3956D46DE8}") = "Carrinho", "Carrinho", "{5014961B-8E73-4945-AA45-20C9D7803106}"
EndProject
Project("{2150E333-8FDC-42A3-9474-1A3956D46DE8}") = "Catalogo", "Catalogo", "{5C784A0D-447F-4144-A624-FEB67F11E4E0}"
EndProject
Project("{2150E333-8FDC-42A3-9474-1A3956D46DE8}") = "Cliente", "Cliente", "{42CEBB29-9FF2-49BB-872F-E812E7297305}"
EndProject
Project("{2150E333-8FDC-42A3-9474-1A3956D46DE8}") = "Pagamento", "Pagamento", "{6D5F06A3-A7F5-4D54-8D14-BCF4F138EAF0}"
EndProject
Project("{2150E333-8FDC-42A3-9474-1A3956D46DE8}") = "Pedido", "Pedido", "{D4E8CF87-5285-428E-AD46-EFA75CB74CA3}"
EndProject
Project("{9A19103F-16F7-4668-BE54-9A1E7A4F7556}") = "NES.Carrinho.API", "src\services\NES.Carrinho.API\NES.Carrinho.API.csproj", "{A3E159B9-F4D9-435E-AD52-521C75F230A4}"
EndProject
Project("{9A19103F-16F7-4668-BE54-9A1E7A4F7556}") = "NSE.Catalogo.API", "src\services\NSE.Catalogo.API\NSE.Catalogo.API.csproj", "{C00D6A43-9BD9-4AF5-937A-7C8150CEC368}"
EndProject
Project("{9A19103F-16F7-4668-BE54-9A1E7A4F7556}") = "NSE.Cliente.API", "src\services\NSE.Cliente.API\NSE.Cliente.API.csproj", "{FDD1452C-5DC4-4592-934B-C4F78332D1CD}"
EndProject
Project("{9A19103F-16F7-4668-BE54-9A1E7A4F7556}") = "NSE.Pagamento.API", "src\services\NSE.Pagamento.API\NSE.Pagamento.API.csproj", "{90FFC3F9-BE20-4152-A3BE-D8F142813505}"
EndProject
Project("{9A19103F-16F7-4668-BE54-9A1E7A4F7556}") = "NSE.Pedido.API", "src\services\NSE.Pedido.API\NSE.Pedido.API.csproj", "{D3EA217D-448E-4C61-83AC-DA25B152C0CD}"
EndProject
Project("{9A19103F-16F7-4668-BE54-9A1E7A4F7556}") = "NSE.WebAPI.Core", "src\building blocks\NSE.WebAPI.Core\NSE.WebAPI.Core.csproj", "{A292050E-9C98-4E72-9F9E-BF64C5C774EE}"
EndProject
Global
	GlobalSection(SolutionConfigurationPlatforms) = preSolution
		Debug|Any CPU = Debug|Any CPU
		Release|Any CPU = Release|Any CPU
	EndGlobalSection
	GlobalSection(ProjectConfigurationPlatforms) = postSolution
		{03D0DCC0-51A7-4F4B-B66E-45E196325BF3}.Debug|Any CPU.ActiveCfg = Debug|Any CPU
		{03D0DCC0-51A7-4F4B-B66E-45E196325BF3}.Debug|Any CPU.Build.0 = Debug|Any CPU
		{03D0DCC0-51A7-4F4B-B66E-45E196325BF3}.Release|Any CPU.ActiveCfg = Release|Any CPU
		{03D0DCC0-51A7-4F4B-B66E-45E196325BF3}.Release|Any CPU.Build.0 = Release|Any CPU
		{F3404FC9-5595-4890-8389-23084F015388}.Debug|Any CPU.ActiveCfg = Debug|Any CPU
		{F3404FC9-5595-4890-8389-23084F015388}.Debug|Any CPU.Build.0 = Debug|Any CPU
		{F3404FC9-5595-4890-8389-23084F015388}.Release|Any CPU.ActiveCfg = Release|Any CPU
		{F3404FC9-5595-4890-8389-23084F015388}.Release|Any CPU.Build.0 = Release|Any CPU
		{67A4915E-4CB6-466C-BA39-5FCB3FB6A787}.Debug|Any CPU.ActiveCfg = Debug|Any CPU
		{67A4915E-4CB6-466C-BA39-5FCB3FB6A787}.Debug|Any CPU.Build.0 = Debug|Any CPU
		{67A4915E-4CB6-466C-BA39-5FCB3FB6A787}.Release|Any CPU.ActiveCfg = Release|Any CPU
		{67A4915E-4CB6-466C-BA39-5FCB3FB6A787}.Release|Any CPU.Build.0 = Release|Any CPU
		{A3E159B9-F4D9-435E-AD52-521C75F230A4}.Debug|Any CPU.ActiveCfg = Debug|Any CPU
		{A3E159B9-F4D9-435E-AD52-521C75F230A4}.Debug|Any CPU.Build.0 = Debug|Any CPU
		{A3E159B9-F4D9-435E-AD52-521C75F230A4}.Release|Any CPU.ActiveCfg = Release|Any CPU
		{A3E159B9-F4D9-435E-AD52-521C75F230A4}.Release|Any CPU.Build.0 = Release|Any CPU
		{C00D6A43-9BD9-4AF5-937A-7C8150CEC368}.Debug|Any CPU.ActiveCfg = Debug|Any CPU
		{C00D6A43-9BD9-4AF5-937A-7C8150CEC368}.Debug|Any CPU.Build.0 = Debug|Any CPU
		{C00D6A43-9BD9-4AF5-937A-7C8150CEC368}.Release|Any CPU.ActiveCfg = Release|Any CPU
		{C00D6A43-9BD9-4AF5-937A-7C8150CEC368}.Release|Any CPU.Build.0 = Release|Any CPU
		{FDD1452C-5DC4-4592-934B-C4F78332D1CD}.Debug|Any CPU.ActiveCfg = Debug|Any CPU
		{FDD1452C-5DC4-4592-934B-C4F78332D1CD}.Debug|Any CPU.Build.0 = Debug|Any CPU
		{FDD1452C-5DC4-4592-934B-C4F78332D1CD}.Release|Any CPU.ActiveCfg = Release|Any CPU
		{FDD1452C-5DC4-4592-934B-C4F78332D1CD}.Release|Any CPU.Build.0 = Release|Any CPU
		{90FFC3F9-BE20-4152-A3BE-D8F142813505}.Debug|Any CPU.ActiveCfg = Debug|Any CPU
		{90FFC3F9-BE20-4152-A3BE-D8F142813505}.Debug|Any CPU.Build.0 = Debug|Any CPU
		{90FFC3F9-BE20-4152-A3BE-D8F142813505}.Release|Any CPU.ActiveCfg = Release|Any CPU
		{90FFC3F9-BE20-4152-A3BE-D8F142813505}.Release|Any CPU.Build.0 = Release|Any CPU
		{D3EA217D-448E-4C61-83AC-DA25B152C0CD}.Debug|Any CPU.ActiveCfg = Debug|Any CPU
		{D3EA217D-448E-4C61-83AC-DA25B152C0CD}.Debug|Any CPU.Build.0 = Debug|Any CPU
		{D3EA217D-448E-4C61-83AC-DA25B152C0CD}.Release|Any CPU.ActiveCfg = Release|Any CPU
		{D3EA217D-448E-4C61-83AC-DA25B152C0CD}.Release|Any CPU.Build.0 = Release|Any CPU
		{A292050E-9C98-4E72-9F9E-BF64C5C774EE}.Debug|Any CPU.ActiveCfg = Debug|Any CPU
		{A292050E-9C98-4E72-9F9E-BF64C5C774EE}.Debug|Any CPU.Build.0 = Debug|Any CPU
		{A292050E-9C98-4E72-9F9E-BF64C5C774EE}.Release|Any CPU.ActiveCfg = Release|Any CPU
		{A292050E-9C98-4E72-9F9E-BF64C5C774EE}.Release|Any CPU.Build.0 = Release|Any CPU
	EndGlobalSection
	GlobalSection(SolutionProperties) = preSolution
		HideSolutionNode = FALSE
	EndGlobalSection
	GlobalSection(NestedProjects) = preSolution
		{3C8E379A-C662-4472-95F8-47D83458DAFE} = {E7127862-0689-40EE-8128-2A331209BD15}
		{46835B6C-E96D-41B2-898B-7586201DB225} = {E7127862-0689-40EE-8128-2A331209BD15}
		{09495E4D-F8D2-40D6-9EA7-AF07934BD62C} = {E7127862-0689-40EE-8128-2A331209BD15}
		{DEFB4374-B1FF-4CFD-B9D8-95A4715D6644} = {46835B6C-E96D-41B2-898B-7586201DB225}
		{03D0DCC0-51A7-4F4B-B66E-45E196325BF3} = {DEFB4374-B1FF-4CFD-B9D8-95A4715D6644}
		{C0747DC8-685E-4D3D-AFB2-6D78C601F1BE} = {09495E4D-F8D2-40D6-9EA7-AF07934BD62C}
		{F3404FC9-5595-4890-8389-23084F015388} = {C0747DC8-685E-4D3D-AFB2-6D78C601F1BE}
		{0ED8C054-F1B2-4993-9BA0-DB560CF42EDC} = {3C8E379A-C662-4472-95F8-47D83458DAFE}
		{67A4915E-4CB6-466C-BA39-5FCB3FB6A787} = {0ED8C054-F1B2-4993-9BA0-DB560CF42EDC}
		{5014961B-8E73-4945-AA45-20C9D7803106} = {46835B6C-E96D-41B2-898B-7586201DB225}
		{5C784A0D-447F-4144-A624-FEB67F11E4E0} = {46835B6C-E96D-41B2-898B-7586201DB225}
		{42CEBB29-9FF2-49BB-872F-E812E7297305} = {46835B6C-E96D-41B2-898B-7586201DB225}
		{6D5F06A3-A7F5-4D54-8D14-BCF4F138EAF0} = {46835B6C-E96D-41B2-898B-7586201DB225}
		{D4E8CF87-5285-428E-AD46-EFA75CB74CA3} = {46835B6C-E96D-41B2-898B-7586201DB225}
		{A3E159B9-F4D9-435E-AD52-521C75F230A4} = {5014961B-8E73-4945-AA45-20C9D7803106}
		{C00D6A43-9BD9-4AF5-937A-7C8150CEC368} = {5C784A0D-447F-4144-A624-FEB67F11E4E0}
		{FDD1452C-5DC4-4592-934B-C4F78332D1CD} = {42CEBB29-9FF2-49BB-872F-E812E7297305}
		{90FFC3F9-BE20-4152-A3BE-D8F142813505} = {6D5F06A3-A7F5-4D54-8D14-BCF4F138EAF0}
		{D3EA217D-448E-4C61-83AC-DA25B152C0CD} = {D4E8CF87-5285-428E-AD46-EFA75CB74CA3}
		{A292050E-9C98-4E72-9F9E-BF64C5C774EE} = {0ED8C054-F1B2-4993-9BA0-DB560CF42EDC}
	EndGlobalSection
	GlobalSection(ExtensibilityGlobals) = postSolution
		SolutionGuid = {03CB2C82-A612-4F18-8A87-545B84D8AD10}
	EndGlobalSection
EndGlobal
